// !$*UTF8*$!
{
	archiveVersion = 1;
	classes = {
	};
	objectVersion = 46;
	objects = {

/* Begin PBXBuildFile section */
		016F057FC54CC25A8FE54E0B /* Pods_PoliSay.framework in Frameworks */ = {isa = PBXBuildFile; fileRef = AC073847773829DE5698152E /* Pods_PoliSay.framework */; };
		8DF41D93D8FC8019C0199995 /* Pods_PoliSayUITests.framework in Frameworks */ = {isa = PBXBuildFile; fileRef = E0BA2CACA45348171B2499B9 /* Pods_PoliSayUITests.framework */; };
		B4150895C6707BF141E75DA6 /* Pods_PoliSayTests.framework in Frameworks */ = {isa = PBXBuildFile; fileRef = E770C084E71F0E9266201D6D /* Pods_PoliSayTests.framework */; };
		DEC3D9411DC8020300FFF325 /* AppDelegate.swift in Sources */ = {isa = PBXBuildFile; fileRef = DEC3D9401DC8020300FFF325 /* AppDelegate.swift */; };
		DEC3D9431DC8020300FFF325 /* ViewController.swift in Sources */ = {isa = PBXBuildFile; fileRef = DEC3D9421DC8020300FFF325 /* ViewController.swift */; };
		DEC3D9461DC8020300FFF325 /* Main.storyboard in Resources */ = {isa = PBXBuildFile; fileRef = DEC3D9441DC8020300FFF325 /* Main.storyboard */; };
		DEC3D9481DC8020300FFF325 /* Assets.xcassets in Resources */ = {isa = PBXBuildFile; fileRef = DEC3D9471DC8020300FFF325 /* Assets.xcassets */; };
		DEC3D94B1DC8020300FFF325 /* LaunchScreen.storyboard in Resources */ = {isa = PBXBuildFile; fileRef = DEC3D9491DC8020300FFF325 /* LaunchScreen.storyboard */; };
		DEC3D9561DC8020300FFF325 /* PoliSayTests.swift in Sources */ = {isa = PBXBuildFile; fileRef = DEC3D9551DC8020300FFF325 /* PoliSayTests.swift */; };
		DEC3D9611DC8020300FFF325 /* PoliSayUITests.swift in Sources */ = {isa = PBXBuildFile; fileRef = DEC3D9601DC8020300FFF325 /* PoliSayUITests.swift */; };
		DEC3D9711DC8300100FFF325 /* GoogleService-Info.plist in Resources */ = {isa = PBXBuildFile; fileRef = DEC3D9701DC8300100FFF325 /* GoogleService-Info.plist */; };
/* End PBXBuildFile section */

/* Begin PBXContainerItemProxy section */
		DEC3D9521DC8020300FFF325 /* PBXContainerItemProxy */ = {
			isa = PBXContainerItemProxy;
			containerPortal = DEC3D9351DC8020300FFF325 /* Project object */;
			proxyType = 1;
			remoteGlobalIDString = DEC3D93C1DC8020300FFF325;
			remoteInfo = PoliSay;
		};
		DEC3D95D1DC8020300FFF325 /* PBXContainerItemProxy */ = {
			isa = PBXContainerItemProxy;
			containerPortal = DEC3D9351DC8020300FFF325 /* Project object */;
			proxyType = 1;
			remoteGlobalIDString = DEC3D93C1DC8020300FFF325;
			remoteInfo = PoliSay;
		};
/* End PBXContainerItemProxy section */

/* Begin PBXFileReference section */
		2E721EFE1E7EF0F0E0223655 /* Pods-PoliSayUITests.debug.xcconfig */ = {isa = PBXFileReference; includeInIndex = 1; lastKnownFileType = text.xcconfig; name = "Pods-PoliSayUITests.debug.xcconfig"; path = "Pods/Target Support Files/Pods-PoliSayUITests/Pods-PoliSayUITests.debug.xcconfig"; sourceTree = "<group>"; };
		A4F00CBDB8065D1307079912 /* Pods-PoliSay.debug.xcconfig */ = {isa = PBXFileReference; includeInIndex = 1; lastKnownFileType = text.xcconfig; name = "Pods-PoliSay.debug.xcconfig"; path = "Pods/Target Support Files/Pods-PoliSay/Pods-PoliSay.debug.xcconfig"; sourceTree = "<group>"; };
		AC073847773829DE5698152E /* Pods_PoliSay.framework */ = {isa = PBXFileReference; explicitFileType = wrapper.framework; includeInIndex = 0; path = Pods_PoliSay.framework; sourceTree = BUILT_PRODUCTS_DIR; };
		B880F96098B74606FBC0A00F /* Pods-PoliSayTests.debug.xcconfig */ = {isa = PBXFileReference; includeInIndex = 1; lastKnownFileType = text.xcconfig; name = "Pods-PoliSayTests.debug.xcconfig"; path = "Pods/Target Support Files/Pods-PoliSayTests/Pods-PoliSayTests.debug.xcconfig"; sourceTree = "<group>"; };
		D134E6ABCC7C4AD941152305 /* Pods-PoliSay.release.xcconfig */ = {isa = PBXFileReference; includeInIndex = 1; lastKnownFileType = text.xcconfig; name = "Pods-PoliSay.release.xcconfig"; path = "Pods/Target Support Files/Pods-PoliSay/Pods-PoliSay.release.xcconfig"; sourceTree = "<group>"; };
		DEC3D93D1DC8020300FFF325 /* PoliSay.app */ = {isa = PBXFileReference; explicitFileType = wrapper.application; includeInIndex = 0; path = PoliSay.app; sourceTree = BUILT_PRODUCTS_DIR; };
		DEC3D9401DC8020300FFF325 /* AppDelegate.swift */ = {isa = PBXFileReference; lastKnownFileType = sourcecode.swift; path = AppDelegate.swift; sourceTree = "<group>"; };
		DEC3D9421DC8020300FFF325 /* ViewController.swift */ = {isa = PBXFileReference; lastKnownFileType = sourcecode.swift; path = ViewController.swift; sourceTree = "<group>"; };
		DEC3D9451DC8020300FFF325 /* Base */ = {isa = PBXFileReference; lastKnownFileType = file.storyboard; name = Base; path = Base.lproj/Main.storyboard; sourceTree = "<group>"; };
		DEC3D9471DC8020300FFF325 /* Assets.xcassets */ = {isa = PBXFileReference; lastKnownFileType = folder.assetcatalog; path = Assets.xcassets; sourceTree = "<group>"; };
		DEC3D94A1DC8020300FFF325 /* Base */ = {isa = PBXFileReference; lastKnownFileType = file.storyboard; name = Base; path = Base.lproj/LaunchScreen.storyboard; sourceTree = "<group>"; };
		DEC3D94C1DC8020300FFF325 /* Info.plist */ = {isa = PBXFileReference; lastKnownFileType = text.plist.xml; path = Info.plist; sourceTree = "<group>"; };
		DEC3D9511DC8020300FFF325 /* PoliSayTests.xctest */ = {isa = PBXFileReference; explicitFileType = wrapper.cfbundle; includeInIndex = 0; path = PoliSayTests.xctest; sourceTree = BUILT_PRODUCTS_DIR; };
		DEC3D9551DC8020300FFF325 /* PoliSayTests.swift */ = {isa = PBXFileReference; lastKnownFileType = sourcecode.swift; path = PoliSayTests.swift; sourceTree = "<group>"; };
		DEC3D9571DC8020300FFF325 /* Info.plist */ = {isa = PBXFileReference; lastKnownFileType = text.plist.xml; path = Info.plist; sourceTree = "<group>"; };
		DEC3D95C1DC8020300FFF325 /* PoliSayUITests.xctest */ = {isa = PBXFileReference; explicitFileType = wrapper.cfbundle; includeInIndex = 0; path = PoliSayUITests.xctest; sourceTree = BUILT_PRODUCTS_DIR; };
		DEC3D9601DC8020300FFF325 /* PoliSayUITests.swift */ = {isa = PBXFileReference; lastKnownFileType = sourcecode.swift; path = PoliSayUITests.swift; sourceTree = "<group>"; };
		DEC3D9621DC8020300FFF325 /* Info.plist */ = {isa = PBXFileReference; lastKnownFileType = text.plist.xml; path = Info.plist; sourceTree = "<group>"; };
		DEC3D9701DC8300100FFF325 /* GoogleService-Info.plist */ = {isa = PBXFileReference; fileEncoding = 4; lastKnownFileType = text.plist.xml; path = "GoogleService-Info.plist"; sourceTree = "<group>"; };
		DEC3D9721DC832BA00FFF325 /* PoliSay.entitlements */ = {isa = PBXFileReference; lastKnownFileType = text.plist.entitlements; path = PoliSay.entitlements; sourceTree = "<group>"; };
		E0BA2CACA45348171B2499B9 /* Pods_PoliSayUITests.framework */ = {isa = PBXFileReference; explicitFileType = wrapper.framework; includeInIndex = 0; path = Pods_PoliSayUITests.framework; sourceTree = BUILT_PRODUCTS_DIR; };
		E770C084E71F0E9266201D6D /* Pods_PoliSayTests.framework */ = {isa = PBXFileReference; explicitFileType = wrapper.framework; includeInIndex = 0; path = Pods_PoliSayTests.framework; sourceTree = BUILT_PRODUCTS_DIR; };
		E8B6EAAF83937A730166BC81 /* Pods-PoliSayUITests.release.xcconfig */ = {isa = PBXFileReference; includeInIndex = 1; lastKnownFileType = text.xcconfig; name = "Pods-PoliSayUITests.release.xcconfig"; path = "Pods/Target Support Files/Pods-PoliSayUITests/Pods-PoliSayUITests.release.xcconfig"; sourceTree = "<group>"; };
		F627164F9A3D683B1ED560BA /* Pods-PoliSayTests.release.xcconfig */ = {isa = PBXFileReference; includeInIndex = 1; lastKnownFileType = text.xcconfig; name = "Pods-PoliSayTests.release.xcconfig"; path = "Pods/Target Support Files/Pods-PoliSayTests/Pods-PoliSayTests.release.xcconfig"; sourceTree = "<group>"; };
/* End PBXFileReference section */

/* Begin PBXFrameworksBuildPhase section */
		DEC3D93A1DC8020300FFF325 /* Frameworks */ = {
			isa = PBXFrameworksBuildPhase;
			buildActionMask = 2147483647;
			files = (
				016F057FC54CC25A8FE54E0B /* Pods_PoliSay.framework in Frameworks */,
			);
			runOnlyForDeploymentPostprocessing = 0;
		};
		DEC3D94E1DC8020300FFF325 /* Frameworks */ = {
			isa = PBXFrameworksBuildPhase;
			buildActionMask = 2147483647;
			files = (
				B4150895C6707BF141E75DA6 /* Pods_PoliSayTests.framework in Frameworks */,
			);
			runOnlyForDeploymentPostprocessing = 0;
		};
		DEC3D9591DC8020300FFF325 /* Frameworks */ = {
			isa = PBXFrameworksBuildPhase;
			buildActionMask = 2147483647;
			files = (
				8DF41D93D8FC8019C0199995 /* Pods_PoliSayUITests.framework in Frameworks */,
			);
			runOnlyForDeploymentPostprocessing = 0;
		};
/* End PBXFrameworksBuildPhase section */

/* Begin PBXGroup section */
		38AD8294895A1CDA40B89992 /* Frameworks */ = {
			isa = PBXGroup;
			children = (
				AC073847773829DE5698152E /* Pods_PoliSay.framework */,
				E770C084E71F0E9266201D6D /* Pods_PoliSayTests.framework */,
				E0BA2CACA45348171B2499B9 /* Pods_PoliSayUITests.framework */,
			);
			name = Frameworks;
			sourceTree = "<group>";
		};
		761ED7870FEE6B1623708F5F /* Pods */ = {
			isa = PBXGroup;
			children = (
				A4F00CBDB8065D1307079912 /* Pods-PoliSay.debug.xcconfig */,
				D134E6ABCC7C4AD941152305 /* Pods-PoliSay.release.xcconfig */,
				B880F96098B74606FBC0A00F /* Pods-PoliSayTests.debug.xcconfig */,
				F627164F9A3D683B1ED560BA /* Pods-PoliSayTests.release.xcconfig */,
				2E721EFE1E7EF0F0E0223655 /* Pods-PoliSayUITests.debug.xcconfig */,
				E8B6EAAF83937A730166BC81 /* Pods-PoliSayUITests.release.xcconfig */,
			);
			name = Pods;
			sourceTree = "<group>";
		};
		DEC3D9341DC8020300FFF325 = {
			isa = PBXGroup;
			children = (
				DEC3D93F1DC8020300FFF325 /* PoliSay */,
				DEC3D9541DC8020300FFF325 /* PoliSayTests */,
				DEC3D95F1DC8020300FFF325 /* PoliSayUITests */,
				DEC3D93E1DC8020300FFF325 /* Products */,
				761ED7870FEE6B1623708F5F /* Pods */,
				38AD8294895A1CDA40B89992 /* Frameworks */,
			);
			sourceTree = "<group>";
		};
		DEC3D93E1DC8020300FFF325 /* Products */ = {
			isa = PBXGroup;
			children = (
				DEC3D93D1DC8020300FFF325 /* PoliSay.app */,
				DEC3D9511DC8020300FFF325 /* PoliSayTests.xctest */,
				DEC3D95C1DC8020300FFF325 /* PoliSayUITests.xctest */,
			);
			name = Products;
			sourceTree = "<group>";
		};
		DEC3D93F1DC8020300FFF325 /* PoliSay */ = {
			isa = PBXGroup;
			children = (
				DEC3D9721DC832BA00FFF325 /* PoliSay.entitlements */,
				DEC3D9401DC8020300FFF325 /* AppDelegate.swift */,
				DEC3D9421DC8020300FFF325 /* ViewController.swift */,
				DEC3D9441DC8020300FFF325 /* Main.storyboard */,
				DEC3D9471DC8020300FFF325 /* Assets.xcassets */,
				DEC3D9491DC8020300FFF325 /* LaunchScreen.storyboard */,
				DEC3D94C1DC8020300FFF325 /* Info.plist */,
				DEC3D9701DC8300100FFF325 /* GoogleService-Info.plist */,
			);
			path = PoliSay;
			sourceTree = "<group>";
		};
		DEC3D9541DC8020300FFF325 /* PoliSayTests */ = {
			isa = PBXGroup;
			children = (
				DEC3D9551DC8020300FFF325 /* PoliSayTests.swift */,
				DEC3D9571DC8020300FFF325 /* Info.plist */,
			);
			path = PoliSayTests;
			sourceTree = "<group>";
		};
		DEC3D95F1DC8020300FFF325 /* PoliSayUITests */ = {
			isa = PBXGroup;
			children = (
				DEC3D9601DC8020300FFF325 /* PoliSayUITests.swift */,
				DEC3D9621DC8020300FFF325 /* Info.plist */,
			);
			path = PoliSayUITests;
			sourceTree = "<group>";
		};
/* End PBXGroup section */

/* Begin PBXNativeTarget section */
		DEC3D93C1DC8020300FFF325 /* PoliSay */ = {
			isa = PBXNativeTarget;
			buildConfigurationList = DEC3D9651DC8020300FFF325 /* Build configuration list for PBXNativeTarget "PoliSay" */;
			buildPhases = (
				FBD1B939DC71AD9540A94AF9 /* [CP] Check Pods Manifest.lock */,
				DEC3D9391DC8020300FFF325 /* Sources */,
				DEC3D93A1DC8020300FFF325 /* Frameworks */,
				DEC3D93B1DC8020300FFF325 /* Resources */,
				8AE041192F0B5F0DC3ED561A /* [CP] Embed Pods Frameworks */,
				6F9436A23D2C6B12884AE05C /* [CP] Copy Pods Resources */,
			);
			buildRules = (
			);
			dependencies = (
			);
			name = PoliSay;
			productName = PoliSay;
			productReference = DEC3D93D1DC8020300FFF325 /* PoliSay.app */;
			productType = "com.apple.product-type.application";
		};
		DEC3D9501DC8020300FFF325 /* PoliSayTests */ = {
			isa = PBXNativeTarget;
			buildConfigurationList = DEC3D9681DC8020300FFF325 /* Build configuration list for PBXNativeTarget "PoliSayTests" */;
			buildPhases = (
				AE718839504BDAC94B6EE6D7 /* [CP] Check Pods Manifest.lock */,
				DEC3D94D1DC8020300FFF325 /* Sources */,
				DEC3D94E1DC8020300FFF325 /* Frameworks */,
				DEC3D94F1DC8020300FFF325 /* Resources */,
				7E6F5CCF50B0EAD7E41B7FB4 /* [CP] Embed Pods Frameworks */,
				C359CD93F880B4DD178D2409 /* [CP] Copy Pods Resources */,
			);
			buildRules = (
			);
			dependencies = (
				DEC3D9531DC8020300FFF325 /* PBXTargetDependency */,
			);
			name = PoliSayTests;
			productName = PoliSayTests;
			productReference = DEC3D9511DC8020300FFF325 /* PoliSayTests.xctest */;
			productType = "com.apple.product-type.bundle.unit-test";
		};
		DEC3D95B1DC8020300FFF325 /* PoliSayUITests */ = {
			isa = PBXNativeTarget;
			buildConfigurationList = DEC3D96B1DC8020300FFF325 /* Build configuration list for PBXNativeTarget "PoliSayUITests" */;
			buildPhases = (
				EC8DDA2556B0454ED045C243 /* [CP] Check Pods Manifest.lock */,
				DEC3D9581DC8020300FFF325 /* Sources */,
				DEC3D9591DC8020300FFF325 /* Frameworks */,
				DEC3D95A1DC8020300FFF325 /* Resources */,
				37D7EE7FDCFA55CD5BE1D572 /* [CP] Embed Pods Frameworks */,
				68CB22AB914033E014A0FEDF /* [CP] Copy Pods Resources */,
			);
			buildRules = (
			);
			dependencies = (
				DEC3D95E1DC8020300FFF325 /* PBXTargetDependency */,
			);
			name = PoliSayUITests;
			productName = PoliSayUITests;
			productReference = DEC3D95C1DC8020300FFF325 /* PoliSayUITests.xctest */;
			productType = "com.apple.product-type.bundle.ui-testing";
		};
/* End PBXNativeTarget section */

/* Begin PBXProject section */
		DEC3D9351DC8020300FFF325 /* Project object */ = {
			isa = PBXProject;
			attributes = {
				LastSwiftUpdateCheck = 0810;
				LastUpgradeCheck = 0810;
				ORGANIZATIONNAME = "Rachel Paturi";
				TargetAttributes = {
					DEC3D93C1DC8020300FFF325 = {
						CreatedOnToolsVersion = 8.1;
						DevelopmentTeam = F3XPE94T2L;
						ProvisioningStyle = Automatic;
						SystemCapabilities = {
							com.apple.Keychain = {
								enabled = 1;
							};
						};
					};
					DEC3D9501DC8020300FFF325 = {
						CreatedOnToolsVersion = 8.1;
						DevelopmentTeam = F3XPE94T2L;
						ProvisioningStyle = Automatic;
						TestTargetID = DEC3D93C1DC8020300FFF325;
					};
					DEC3D95B1DC8020300FFF325 = {
						CreatedOnToolsVersion = 8.1;
						DevelopmentTeam = F3XPE94T2L;
						ProvisioningStyle = Automatic;
						TestTargetID = DEC3D93C1DC8020300FFF325;
					};
				};
			};
			buildConfigurationList = DEC3D9381DC8020300FFF325 /* Build configuration list for PBXProject "PoliSay" */;
			compatibilityVersion = "Xcode 3.2";
			developmentRegion = English;
			hasScannedForEncodings = 0;
			knownRegions = (
				en,
				Base,
			);
			mainGroup = DEC3D9341DC8020300FFF325;
			productRefGroup = DEC3D93E1DC8020300FFF325 /* Products */;
			projectDirPath = "";
			projectRoot = "";
			targets = (
				DEC3D93C1DC8020300FFF325 /* PoliSay */,
				DEC3D9501DC8020300FFF325 /* PoliSayTests */,
				DEC3D95B1DC8020300FFF325 /* PoliSayUITests */,
			);
		};
/* End PBXProject section */

/* Begin PBXResourcesBuildPhase section */
		DEC3D93B1DC8020300FFF325 /* Resources */ = {
			isa = PBXResourcesBuildPhase;
			buildActionMask = 2147483647;
			files = (
				DEC3D94B1DC8020300FFF325 /* LaunchScreen.storyboard in Resources */,
				DEC3D9711DC8300100FFF325 /* GoogleService-Info.plist in Resources */,
				DEC3D9481DC8020300FFF325 /* Assets.xcassets in Resources */,
				DEC3D9461DC8020300FFF325 /* Main.storyboard in Resources */,
			);
			runOnlyForDeploymentPostprocessing = 0;
		};
		DEC3D94F1DC8020300FFF325 /* Resources */ = {
			isa = PBXResourcesBuildPhase;
			buildActionMask = 2147483647;
			files = (
			);
			runOnlyForDeploymentPostprocessing = 0;
		};
		DEC3D95A1DC8020300FFF325 /* Resources */ = {
			isa = PBXResourcesBuildPhase;
			buildActionMask = 2147483647;
			files = (
			);
			runOnlyForDeploymentPostprocessing = 0;
		};
/* End PBXResourcesBuildPhase section */

/* Begin PBXShellScriptBuildPhase section */
		37D7EE7FDCFA55CD5BE1D572 /* [CP] Embed Pods Frameworks */ = {
			isa = PBXShellScriptBuildPhase;
			buildActionMask = 2147483647;
			files = (
			);
			inputPaths = (
			);
			name = "[CP] Embed Pods Frameworks";
			outputPaths = (
			);
			runOnlyForDeploymentPostprocessing = 0;
			shellPath = /bin/sh;
			shellScript = "\"${SRCROOT}/Pods/Target Support Files/Pods-PoliSayUITests/Pods-PoliSayUITests-frameworks.sh\"\n";
			showEnvVarsInLog = 0;
		};
		68CB22AB914033E014A0FEDF /* [CP] Copy Pods Resources */ = {
			isa = PBXShellScriptBuildPhase;
			buildActionMask = 2147483647;
			files = (
			);
			inputPaths = (
			);
			name = "[CP] Copy Pods Resources";
			outputPaths = (
			);
			runOnlyForDeploymentPostprocessing = 0;
			shellPath = /bin/sh;
			shellScript = "\"${SRCROOT}/Pods/Target Support Files/Pods-PoliSayUITests/Pods-PoliSayUITests-resources.sh\"\n";
			showEnvVarsInLog = 0;
		};
		6F9436A23D2C6B12884AE05C /* [CP] Copy Pods Resources */ = {
			isa = PBXShellScriptBuildPhase;
			buildActionMask = 2147483647;
			files = (
			);
			inputPaths = (
			);
			name = "[CP] Copy Pods Resources";
			outputPaths = (
			);
			runOnlyForDeploymentPostprocessing = 0;
			shellPath = /bin/sh;
			shellScript = "\"${SRCROOT}/Pods/Target Support Files/Pods-PoliSay/Pods-PoliSay-resources.sh\"\n";
			showEnvVarsInLog = 0;
		};
		7E6F5CCF50B0EAD7E41B7FB4 /* [CP] Embed Pods Frameworks */ = {
			isa = PBXShellScriptBuildPhase;
			buildActionMask = 2147483647;
			files = (
			);
			inputPaths = (
			);
			name = "[CP] Embed Pods Frameworks";
			outputPaths = (
			);
			runOnlyForDeploymentPostprocessing = 0;
			shellPath = /bin/sh;
			shellScript = "\"${SRCROOT}/Pods/Target Support Files/Pods-PoliSayTests/Pods-PoliSayTests-frameworks.sh\"\n";
			showEnvVarsInLog = 0;
		};
		8AE041192F0B5F0DC3ED561A /* [CP] Embed Pods Frameworks */ = {
			isa = PBXShellScriptBuildPhase;
			buildActionMask = 2147483647;
			files = (
			);
			inputPaths = (
			);
			name = "[CP] Embed Pods Frameworks";
			outputPaths = (
			);
			runOnlyForDeploymentPostprocessing = 0;
			shellPath = /bin/sh;
			shellScript = "\"${SRCROOT}/Pods/Target Support Files/Pods-PoliSay/Pods-PoliSay-frameworks.sh\"\n";
			showEnvVarsInLog = 0;
		};
		AE718839504BDAC94B6EE6D7 /* [CP] Check Pods Manifest.lock */ = {
			isa = PBXShellScriptBuildPhase;
			buildActionMask = 2147483647;
			files = (
			);
			inputPaths = (
			);
			name = "[CP] Check Pods Manifest.lock";
			outputPaths = (
			);
			runOnlyForDeploymentPostprocessing = 0;
			shellPath = /bin/sh;
			shellScript = "diff \"${PODS_ROOT}/../Podfile.lock\" \"${PODS_ROOT}/Manifest.lock\" > /dev/null\nif [ $? != 0 ] ; then\n    # print error to STDERR\n    echo \"error: The sandbox is not in sync with the Podfile.lock. Run 'pod install' or update your CocoaPods installation.\" >&2\n    exit 1\nfi\n";
			showEnvVarsInLog = 0;
		};
		C359CD93F880B4DD178D2409 /* [CP] Copy Pods Resources */ = {
			isa = PBXShellScriptBuildPhase;
			buildActionMask = 2147483647;
			files = (
			);
			inputPaths = (
			);
			name = "[CP] Copy Pods Resources";
			outputPaths = (
			);
			runOnlyForDeploymentPostprocessing = 0;
			shellPath = /bin/sh;
			shellScript = "\"${SRCROOT}/Pods/Target Support Files/Pods-PoliSayTests/Pods-PoliSayTests-resources.sh\"\n";
			showEnvVarsInLog = 0;
		};
		EC8DDA2556B0454ED045C243 /* [CP] Check Pods Manifest.lock */ = {
			isa = PBXShellScriptBuildPhase;
			buildActionMask = 2147483647;
			files = (
			);
			inputPaths = (
			);
			name = "[CP] Check Pods Manifest.lock";
			outputPaths = (
			);
			runOnlyForDeploymentPostprocessing = 0;
			shellPath = /bin/sh;
			shellScript = "diff \"${PODS_ROOT}/../Podfile.lock\" \"${PODS_ROOT}/Manifest.lock\" > /dev/null\nif [ $? != 0 ] ; then\n    # print error to STDERR\n    echo \"error: The sandbox is not in sync with the Podfile.lock. Run 'pod install' or update your CocoaPods installation.\" >&2\n    exit 1\nfi\n";
			showEnvVarsInLog = 0;
		};
		FBD1B939DC71AD9540A94AF9 /* [CP] Check Pods Manifest.lock */ = {
			isa = PBXShellScriptBuildPhase;
			buildActionMask = 2147483647;
			files = (
			);
			inputPaths = (
			);
			name = "[CP] Check Pods Manifest.lock";
			outputPaths = (
			);
			runOnlyForDeploymentPostprocessing = 0;
			shellPath = /bin/sh;
			shellScript = "diff \"${PODS_ROOT}/../Podfile.lock\" \"${PODS_ROOT}/Manifest.lock\" > /dev/null\nif [ $? != 0 ] ; then\n    # print error to STDERR\n    echo \"error: The sandbox is not in sync with the Podfile.lock. Run 'pod install' or update your CocoaPods installation.\" >&2\n    exit 1\nfi\n";
			showEnvVarsInLog = 0;
		};
/* End PBXShellScriptBuildPhase section */

/* Begin PBXSourcesBuildPhase section */
		DEC3D9391DC8020300FFF325 /* Sources */ = {
			isa = PBXSourcesBuildPhase;
			buildActionMask = 2147483647;
			files = (
				DEC3D9431DC8020300FFF325 /* ViewController.swift in Sources */,
				DEC3D9411DC8020300FFF325 /* AppDelegate.swift in Sources */,
			);
			runOnlyForDeploymentPostprocessing = 0;
		};
		DEC3D94D1DC8020300FFF325 /* Sources */ = {
			isa = PBXSourcesBuildPhase;
			buildActionMask = 2147483647;
			files = (
				DEC3D9561DC8020300FFF325 /* PoliSayTests.swift in Sources */,
			);
			runOnlyForDeploymentPostprocessing = 0;
		};
		DEC3D9581DC8020300FFF325 /* Sources */ = {
			isa = PBXSourcesBuildPhase;
			buildActionMask = 2147483647;
			files = (
				DEC3D9611DC8020300FFF325 /* PoliSayUITests.swift in Sources */,
			);
			runOnlyForDeploymentPostprocessing = 0;
		};
/* End PBXSourcesBuildPhase section */

/* Begin PBXTargetDependency section */
		DEC3D9531DC8020300FFF325 /* PBXTargetDependency */ = {
			isa = PBXTargetDependency;
			target = DEC3D93C1DC8020300FFF325 /* PoliSay */;
			targetProxy = DEC3D9521DC8020300FFF325 /* PBXContainerItemProxy */;
		};
		DEC3D95E1DC8020300FFF325 /* PBXTargetDependency */ = {
			isa = PBXTargetDependency;
			target = DEC3D93C1DC8020300FFF325 /* PoliSay */;
			targetProxy = DEC3D95D1DC8020300FFF325 /* PBXContainerItemProxy */;
		};
/* End PBXTargetDependency section */

/* Begin PBXVariantGroup section */
		DEC3D9441DC8020300FFF325 /* Main.storyboard */ = {
			isa = PBXVariantGroup;
			children = (
				DEC3D9451DC8020300FFF325 /* Base */,
			);
			name = Main.storyboard;
			sourceTree = "<group>";
		};
		DEC3D9491DC8020300FFF325 /* LaunchScreen.storyboard */ = {
			isa = PBXVariantGroup;
			children = (
				DEC3D94A1DC8020300FFF325 /* Base */,
			);
			name = LaunchScreen.storyboard;
			sourceTree = "<group>";
		};
/* End PBXVariantGroup section */

/* Begin XCBuildConfiguration section */
		DEC3D9631DC8020300FFF325 /* Debug */ = {
			isa = XCBuildConfiguration;
			buildSettings = {
				ALWAYS_SEARCH_USER_PATHS = NO;
				CLANG_ANALYZER_NONNULL = YES;
				CLANG_CXX_LANGUAGE_STANDARD = "gnu++0x";
				CLANG_CXX_LIBRARY = "libc++";
				CLANG_ENABLE_MODULES = YES;
				CLANG_ENABLE_OBJC_ARC = YES;
				CLANG_WARN_BOOL_CONVERSION = YES;
				CLANG_WARN_CONSTANT_CONVERSION = YES;
				CLANG_WARN_DIRECT_OBJC_ISA_USAGE = YES_ERROR;
				CLANG_WARN_DOCUMENTATION_COMMENTS = YES;
				CLANG_WARN_EMPTY_BODY = YES;
				CLANG_WARN_ENUM_CONVERSION = YES;
				CLANG_WARN_INFINITE_RECURSION = YES;
				CLANG_WARN_INT_CONVERSION = YES;
				CLANG_WARN_OBJC_ROOT_CLASS = YES_ERROR;
				CLANG_WARN_SUSPICIOUS_MOVES = YES;
				CLANG_WARN_UNREACHABLE_CODE = YES;
				CLANG_WARN__DUPLICATE_METHOD_MATCH = YES;
				"CODE_SIGN_IDENTITY[sdk=iphoneos*]" = "iPhone Developer";
				COPY_PHASE_STRIP = NO;
				DEBUG_INFORMATION_FORMAT = dwarf;
				ENABLE_STRICT_OBJC_MSGSEND = YES;
				ENABLE_TESTABILITY = YES;
				GCC_C_LANGUAGE_STANDARD = gnu99;
				GCC_DYNAMIC_NO_PIC = NO;
				GCC_NO_COMMON_BLOCKS = YES;
				GCC_OPTIMIZATION_LEVEL = 0;
				GCC_PREPROCESSOR_DEFINITIONS = (
					"DEBUG=1",
					"$(inherited)",
				);
				GCC_WARN_64_TO_32_BIT_CONVERSION = YES;
				GCC_WARN_ABOUT_RETURN_TYPE = YES_ERROR;
				GCC_WARN_UNDECLARED_SELECTOR = YES;
				GCC_WARN_UNINITIALIZED_AUTOS = YES_AGGRESSIVE;
				GCC_WARN_UNUSED_FUNCTION = YES;
				GCC_WARN_UNUSED_VARIABLE = YES;
				IPHONEOS_DEPLOYMENT_TARGET = 10.1;
				MTL_ENABLE_DEBUG_INFO = YES;
				ONLY_ACTIVE_ARCH = YES;
				SDKROOT = iphoneos;
				SWIFT_ACTIVE_COMPILATION_CONDITIONS = DEBUG;
				SWIFT_OPTIMIZATION_LEVEL = "-Onone";
			};
			name = Debug;
		};
		DEC3D9641DC8020300FFF325 /* Release */ = {
			isa = XCBuildConfiguration;
			buildSettings = {
				ALWAYS_SEARCH_USER_PATHS = NO;
				CLANG_ANALYZER_NONNULL = YES;
				CLANG_CXX_LANGUAGE_STANDARD = "gnu++0x";
				CLANG_CXX_LIBRARY = "libc++";
				CLANG_ENABLE_MODULES = YES;
				CLANG_ENABLE_OBJC_ARC = YES;
				CLANG_WARN_BOOL_CONVERSION = YES;
				CLANG_WARN_CONSTANT_CONVERSION = YES;
				CLANG_WARN_DIRECT_OBJC_ISA_USAGE = YES_ERROR;
				CLANG_WARN_DOCUMENTATION_COMMENTS = YES;
				CLANG_WARN_EMPTY_BODY = YES;
				CLANG_WARN_ENUM_CONVERSION = YES;
				CLANG_WARN_INFINITE_RECURSION = YES;
				CLANG_WARN_INT_CONVERSION = YES;
				CLANG_WARN_OBJC_ROOT_CLASS = YES_ERROR;
				CLANG_WARN_SUSPICIOUS_MOVES = YES;
				CLANG_WARN_UNREACHABLE_CODE = YES;
				CLANG_WARN__DUPLICATE_METHOD_MATCH = YES;
				"CODE_SIGN_IDENTITY[sdk=iphoneos*]" = "iPhone Developer";
				COPY_PHASE_STRIP = NO;
				DEBUG_INFORMATION_FORMAT = "dwarf-with-dsym";
				ENABLE_NS_ASSERTIONS = NO;
				ENABLE_STRICT_OBJC_MSGSEND = YES;
				GCC_C_LANGUAGE_STANDARD = gnu99;
				GCC_NO_COMMON_BLOCKS = YES;
				GCC_WARN_64_TO_32_BIT_CONVERSION = YES;
				GCC_WARN_ABOUT_RETURN_TYPE = YES_ERROR;
				GCC_WARN_UNDECLARED_SELECTOR = YES;
				GCC_WARN_UNINITIALIZED_AUTOS = YES_AGGRESSIVE;
				GCC_WARN_UNUSED_FUNCTION = YES;
				GCC_WARN_UNUSED_VARIABLE = YES;
				IPHONEOS_DEPLOYMENT_TARGET = 10.1;
				MTL_ENABLE_DEBUG_INFO = NO;
				SDKROOT = iphoneos;
				SWIFT_OPTIMIZATION_LEVEL = "-Owholemodule";
				VALIDATE_PRODUCT = YES;
			};
			name = Release;
		};
		DEC3D9661DC8020300FFF325 /* Debug */ = {
			isa = XCBuildConfiguration;
			baseConfigurationReference = A4F00CBDB8065D1307079912 /* Pods-PoliSay.debug.xcconfig */;
			buildSettings = {
				ASSETCATALOG_COMPILER_APPICON_NAME = AppIcon;
				CODE_SIGN_ENTITLEMENTS = PoliSay/PoliSay.entitlements;
				DEVELOPMENT_TEAM = F3XPE94T2L;
				INFOPLIST_FILE = PoliSay/Info.plist;
				LD_RUNPATH_SEARCH_PATHS = "$(inherited) @executable_path/Frameworks";
				PRODUCT_BUNDLE_IDENTIFIER = com.rachelpaturi.PoliSay;
				PRODUCT_NAME = "$(TARGET_NAME)";
				SWIFT_VERSION = 3.0;
			};
			name = Debug;
		};
		DEC3D9671DC8020300FFF325 /* Release */ = {
			isa = XCBuildConfiguration;
			baseConfigurationReference = D134E6ABCC7C4AD941152305 /* Pods-PoliSay.release.xcconfig */;
			buildSettings = {
				ASSETCATALOG_COMPILER_APPICON_NAME = AppIcon;
				CODE_SIGN_ENTITLEMENTS = PoliSay/PoliSay.entitlements;
				DEVELOPMENT_TEAM = F3XPE94T2L;
				INFOPLIST_FILE = PoliSay/Info.plist;
				LD_RUNPATH_SEARCH_PATHS = "$(inherited) @executable_path/Frameworks";
				PRODUCT_BUNDLE_IDENTIFIER = com.rachelpaturi.PoliSay;
				PRODUCT_NAME = "$(TARGET_NAME)";
				SWIFT_VERSION = 3.0;
			};
			name = Release;
		};
		DEC3D9691DC8020300FFF325 /* Debug */ = {
			isa = XCBuildConfiguration;
			baseConfigurationReference = B880F96098B74606FBC0A00F /* Pods-PoliSayTests.debug.xcconfig */;
			buildSettings = {
				ALWAYS_EMBED_SWIFT_STANDARD_LIBRARIES = YES;
				BUNDLE_LOADER = "$(TEST_HOST)";
				DEVELOPMENT_TEAM = F3XPE94T2L;
				INFOPLIST_FILE = PoliSayTests/Info.plist;
				LD_RUNPATH_SEARCH_PATHS = "$(inherited) @executable_path/Frameworks @loader_path/Frameworks";
				PRODUCT_BUNDLE_IDENTIFIER = com.rachelpaturi.PoliSayTests;
				PRODUCT_NAME = "$(TARGET_NAME)";
				SWIFT_VERSION = 3.0;
				TEST_HOST = "$(BUILT_PRODUCTS_DIR)/PoliSay.app/PoliSay";
			};
			name = Debug;
		};
		DEC3D96A1DC8020300FFF325 /* Release */ = {
			isa = XCBuildConfiguration;
			baseConfigurationReference = F627164F9A3D683B1ED560BA /* Pods-PoliSayTests.release.xcconfig */;
			buildSettings = {
				ALWAYS_EMBED_SWIFT_STANDARD_LIBRARIES = YES;
				BUNDLE_LOADER = "$(TEST_HOST)";
				DEVELOPMENT_TEAM = F3XPE94T2L;
				INFOPLIST_FILE = PoliSayTests/Info.plist;
				LD_RUNPATH_SEARCH_PATHS = "$(inherited) @executable_path/Frameworks @loader_path/Frameworks";
				PRODUCT_BUNDLE_IDENTIFIER = com.rachelpaturi.PoliSayTests;
				PRODUCT_NAME = "$(TARGET_NAME)";
				SWIFT_VERSION = 3.0;
				TEST_HOST = "$(BUILT_PRODUCTS_DIR)/PoliSay.app/PoliSay";
			};
			name = Release;
		};
		DEC3D96C1DC8020300FFF325 /* Debug */ = {
			isa = XCBuildConfiguration;
			baseConfigurationReference = 2E721EFE1E7EF0F0E0223655 /* Pods-PoliSayUITests.debug.xcconfig */;
			buildSettings = {
				ALWAYS_EMBED_SWIFT_STANDARD_LIBRARIES = YES;
				DEVELOPMENT_TEAM = F3XPE94T2L;
				INFOPLIST_FILE = PoliSayUITests/Info.plist;
				LD_RUNPATH_SEARCH_PATHS = "$(inherited) @executable_path/Frameworks @loader_path/Frameworks";
				PRODUCT_BUNDLE_IDENTIFIER = com.rachelpaturi.PoliSayUITests;
				PRODUCT_NAME = "$(TARGET_NAME)";
				SWIFT_VERSION = 3.0;
				TEST_TARGET_NAME = PoliSay;
			};
			name = Debug;
		};
		DEC3D96D1DC8020300FFF325 /* Release */ = {
			isa = XCBuildConfiguration;
			baseConfigurationReference = E8B6EAAF83937A730166BC81 /* Pods-PoliSayUITests.release.xcconfig */;
			buildSettings = {
				ALWAYS_EMBED_SWIFT_STANDARD_LIBRARIES = YES;
				DEVELOPMENT_TEAM = F3XPE94T2L;
				INFOPLIST_FILE = PoliSayUITests/Info.plist;
				LD_RUNPATH_SEARCH_PATHS = "$(inherited) @executable_path/Frameworks @loader_path/Frameworks";
				PRODUCT_BUNDLE_IDENTIFIER = com.rachelpaturi.PoliSayUITests;
				PRODUCT_NAME = "$(TARGET_NAME)";
				SWIFT_VERSION = 3.0;
				TEST_TARGET_NAME = PoliSay;
			};
			name = Release;
		};
/* End XCBuildConfiguration section */

/* Begin XCConfigurationList section */
		DEC3D9381DC8020300FFF325 /* Build configuration list for PBXProject "PoliSay" */ = {
			isa = XCConfigurationList;
			buildConfigurations = (
				DEC3D9631DC8020300FFF325 /* Debug */,
				DEC3D9641DC8020300FFF325 /* Release */,
			);
			defaultConfigurationIsVisible = 0;
			defaultConfigurationName = Release;
		};
		DEC3D9651DC8020300FFF325 /* Build configuration list for PBXNativeTarget "PoliSay" */ = {
			isa = XCConfigurationList;
			buildConfigurations = (
				DEC3D9661DC8020300FFF325 /* Debug */,
				DEC3D9671DC8020300FFF325 /* Release */,
			);
			defaultConfigurationIsVisible = 0;
			defaultConfigurationName = Release;
		};
		DEC3D9681DC8020300FFF325 /* Build configuration list for PBXNativeTarget "PoliSayTests" */ = {
			isa = XCConfigurationList;
			buildConfigurations = (
				DEC3D9691DC8020300FFF325 /* Debug */,
				DEC3D96A1DC8020300FFF325 /* Release */,
			);
			defaultConfigurationIsVisible = 0;
			defaultConfigurationName = Release;
		};
		DEC3D96B1DC8020300FFF325 /* Build configuration list for PBXNativeTarget "PoliSayUITests" */ = {
			isa = XCConfigurationList;
			buildConfigurations = (
				DEC3D96C1DC8020300FFF325 /* Debug */,
				DEC3D96D1DC8020300FFF325 /* Release */,
			);
			defaultConfigurationIsVisible = 0;
			defaultConfigurationName = Release;
		};
/* End XCConfigurationList section */
	};
	rootObject = DEC3D9351DC8020300FFF325 /* Project object */;
}
